// !$*UTF8*$!
{
	archiveVersion = 1;
	classes = {
	};
	objectVersion = 51;
	objects = {

/* Begin PBXBuildFile section */
		1F16631E25BCA2A100F3FB50 /* HomeController.swift in Sources */ = {isa = PBXBuildFile; fileRef = 1F16631D25BCA2A100F3FB50 /* HomeController.swift */; };
		1F16632325BCA3C200F3FB50 /* HomeCustomCell.swift in Sources */ = {isa = PBXBuildFile; fileRef = 1F16632225BCA3C200F3FB50 /* HomeCustomCell.swift */; };
		1F200BF325A458A900BC315E /* AppDelegate.swift in Sources */ = {isa = PBXBuildFile; fileRef = 1F200BF225A458A900BC315E /* AppDelegate.swift */; };
		1F200BF525A458A900BC315E /* SceneDelegate.swift in Sources */ = {isa = PBXBuildFile; fileRef = 1F200BF425A458A900BC315E /* SceneDelegate.swift */; };
		1F200BF725A458A900BC315E /* RegisterViewController.swift in Sources */ = {isa = PBXBuildFile; fileRef = 1F200BF625A458A900BC315E /* RegisterViewController.swift */; };
		1F200BFA25A458A900BC315E /* Main.storyboard in Resources */ = {isa = PBXBuildFile; fileRef = 1F200BF825A458A900BC315E /* Main.storyboard */; };
		1F200BFF25A458B000BC315E /* LaunchScreen.storyboard in Resources */ = {isa = PBXBuildFile; fileRef = 1F200BFD25A458B000BC315E /* LaunchScreen.storyboard */; };
		1F200C0A25A458B000BC315E /* InstaCloneTests.swift in Sources */ = {isa = PBXBuildFile; fileRef = 1F200C0925A458B000BC315E /* InstaCloneTests.swift */; };
		1F200C1525A458B000BC315E /* InstaCloneUITests.swift in Sources */ = {isa = PBXBuildFile; fileRef = 1F200C1425A458B000BC315E /* InstaCloneUITests.swift */; };
		1F200C2F25A4687F00BC315E /* Extensions.swift in Sources */ = {isa = PBXBuildFile; fileRef = 1F200C2E25A4687F00BC315E /* Extensions.swift */; };
		1F200C3725A473B400BC315E /* GoogleService-Info.plist in Resources */ = {isa = PBXBuildFile; fileRef = 1F200C3625A473B400BC315E /* GoogleService-Info.plist */; };
		1F3E951125BEE5CD009A1AB3 /* FirebaseExt.swift in Sources */ = {isa = PBXBuildFile; fileRef = 1F3E951025BEE5CC009A1AB3 /* FirebaseExt.swift */; };
		1F5A2E7E25A49F9500626E05 /* GoogleService-Info.plist in Resources */ = {isa = PBXBuildFile; fileRef = 1F5A2E7D25A49F9500626E05 /* GoogleService-Info.plist */; };
		1F5A2E7F25A49F9500626E05 /* GoogleService-Info.plist in Resources */ = {isa = PBXBuildFile; fileRef = 1F5A2E7D25A49F9500626E05 /* GoogleService-Info.plist */; };
		1F5A2E8025A49F9500626E05 /* GoogleService-Info.plist in Resources */ = {isa = PBXBuildFile; fileRef = 1F5A2E7D25A49F9500626E05 /* GoogleService-Info.plist */; };
		1F6337E525B173F200C49215 /* MainTabBarController.swift in Sources */ = {isa = PBXBuildFile; fileRef = 1F6337E425B173F200C49215 /* MainTabBarController.swift */; };
		1F6337EB25B1747800C49215 /* UserProfileController.swift in Sources */ = {isa = PBXBuildFile; fileRef = 1F6337EA25B1747800C49215 /* UserProfileController.swift */; };
		1F6337FB25B18E2500C49215 /* UserProfileHeaderCell.swift in Sources */ = {isa = PBXBuildFile; fileRef = 1F6337FA25B18E2400C49215 /* UserProfileHeaderCell.swift */; };
		1F63380025B1903800C49215 /* User.swift in Sources */ = {isa = PBXBuildFile; fileRef = 1F6337FF25B1903700C49215 /* User.swift */; };
		1F63382325B2FD7B00C49215 /* LoginViewController.swift in Sources */ = {isa = PBXBuildFile; fileRef = 1F63382225B2FD7B00C49215 /* LoginViewController.swift */; };
		1F9E96F725BC682C00BB7AB2 /* LoadImage.swift in Sources */ = {isa = PBXBuildFile; fileRef = 1F9E96F625BC682C00BB7AB2 /* LoadImage.swift */; };
		1FC962C425B33511000ACF6E /* KeyBoard Extension.swift in Sources */ = {isa = PBXBuildFile; fileRef = 1FC962C325B33511000ACF6E /* KeyBoard Extension.swift */; };
		1FDC8C2625BAB0CF00F057C1 /* Posts.swift in Sources */ = {isa = PBXBuildFile; fileRef = 1FDC8C2525BAB0CF00F057C1 /* Posts.swift */; };
		1FDC8C2E25BAB2BE00F057C1 /* UserPostsCell.swift in Sources */ = {isa = PBXBuildFile; fileRef = 1FDC8C2D25BAB2BE00F057C1 /* UserPostsCell.swift */; };
		1FE6D55125B805C40031185C /* Assets.xcassets in Resources */ = {isa = PBXBuildFile; fileRef = 1FE6D55025B805C40031185C /* Assets.xcassets */; };
		1FE6D56625B8207E0031185C /* PhotoController.swift in Sources */ = {isa = PBXBuildFile; fileRef = 1FE6D56525B8207E0031185C /* PhotoController.swift */; };
		1FE6D63A25B8C8E40031185C /* PhotoCell.swift in Sources */ = {isa = PBXBuildFile; fileRef = 1FE6D63925B8C8E10031185C /* PhotoCell.swift */; };
		1FE6D64A25B950600031185C /* PhotoHeaderCell.swift in Sources */ = {isa = PBXBuildFile; fileRef = 1FE6D64925B950600031185C /* PhotoHeaderCell.swift */; };
		1FE6D64F25B965320031185C /* SharePhotoViewController.swift in Sources */ = {isa = PBXBuildFile; fileRef = 1FE6D64E25B965310031185C /* SharePhotoViewController.swift */; };
		B1E74AC3567A734F4C958AA2 /* Pods_InstaClone.framework in Frameworks */ = {isa = PBXBuildFile; fileRef = 93A870BDDF58A2A4E5EA1475 /* Pods_InstaClone.framework */; };
/* End PBXBuildFile section */

/* Begin PBXContainerItemProxy section */
		1F200C0625A458B000BC315E /* PBXContainerItemProxy */ = {
			isa = PBXContainerItemProxy;
			containerPortal = 1F200BE725A458A800BC315E /* Project object */;
			proxyType = 1;
			remoteGlobalIDString = 1F200BEE25A458A800BC315E;
			remoteInfo = InstaClone;
		};
		1F200C1125A458B000BC315E /* PBXContainerItemProxy */ = {
			isa = PBXContainerItemProxy;
			containerPortal = 1F200BE725A458A800BC315E /* Project object */;
			proxyType = 1;
			remoteGlobalIDString = 1F200BEE25A458A800BC315E;
			remoteInfo = InstaClone;
		};
/* End PBXContainerItemProxy section */

/* Begin PBXFileReference section */
		1855B3D27DF64292D35D00E1 /* Pods-InstaClone.release.xcconfig */ = {isa = PBXFileReference; includeInIndex = 1; lastKnownFileType = text.xcconfig; name = "Pods-InstaClone.release.xcconfig"; path = "Target Support Files/Pods-InstaClone/Pods-InstaClone.release.xcconfig"; sourceTree = "<group>"; };
		1F16631D25BCA2A100F3FB50 /* HomeController.swift */ = {isa = PBXFileReference; lastKnownFileType = sourcecode.swift; path = HomeController.swift; sourceTree = "<group>"; };
		1F16632225BCA3C200F3FB50 /* HomeCustomCell.swift */ = {isa = PBXFileReference; lastKnownFileType = sourcecode.swift; path = HomeCustomCell.swift; sourceTree = "<group>"; };
		1F200BEF25A458A900BC315E /* InstaClone.app */ = {isa = PBXFileReference; explicitFileType = wrapper.application; includeInIndex = 0; path = InstaClone.app; sourceTree = BUILT_PRODUCTS_DIR; };
		1F200BF225A458A900BC315E /* AppDelegate.swift */ = {isa = PBXFileReference; lastKnownFileType = sourcecode.swift; path = AppDelegate.swift; sourceTree = "<group>"; };
		1F200BF425A458A900BC315E /* SceneDelegate.swift */ = {isa = PBXFileReference; lastKnownFileType = sourcecode.swift; path = SceneDelegate.swift; sourceTree = "<group>"; };
		1F200BF625A458A900BC315E /* RegisterViewController.swift */ = {isa = PBXFileReference; lastKnownFileType = sourcecode.swift; path = RegisterViewController.swift; sourceTree = "<group>"; };
		1F200BF925A458A900BC315E /* Base */ = {isa = PBXFileReference; lastKnownFileType = file.storyboard; name = Base; path = Base.lproj/Main.storyboard; sourceTree = "<group>"; };
		1F200BFE25A458B000BC315E /* Base */ = {isa = PBXFileReference; lastKnownFileType = file.storyboard; name = Base; path = Base.lproj/LaunchScreen.storyboard; sourceTree = "<group>"; };
		1F200C0025A458B000BC315E /* Info.plist */ = {isa = PBXFileReference; lastKnownFileType = text.plist.xml; path = Info.plist; sourceTree = "<group>"; };
		1F200C0525A458B000BC315E /* InstaCloneTests.xctest */ = {isa = PBXFileReference; explicitFileType = wrapper.cfbundle; includeInIndex = 0; path = InstaCloneTests.xctest; sourceTree = BUILT_PRODUCTS_DIR; };
		1F200C0925A458B000BC315E /* InstaCloneTests.swift */ = {isa = PBXFileReference; lastKnownFileType = sourcecode.swift; path = InstaCloneTests.swift; sourceTree = "<group>"; };
		1F200C0B25A458B000BC315E /* Info.plist */ = {isa = PBXFileReference; lastKnownFileType = text.plist.xml; path = Info.plist; sourceTree = "<group>"; };
		1F200C1025A458B000BC315E /* InstaCloneUITests.xctest */ = {isa = PBXFileReference; explicitFileType = wrapper.cfbundle; includeInIndex = 0; path = InstaCloneUITests.xctest; sourceTree = BUILT_PRODUCTS_DIR; };
		1F200C1425A458B000BC315E /* InstaCloneUITests.swift */ = {isa = PBXFileReference; lastKnownFileType = sourcecode.swift; path = InstaCloneUITests.swift; sourceTree = "<group>"; };
		1F200C1625A458B000BC315E /* Info.plist */ = {isa = PBXFileReference; lastKnownFileType = text.plist.xml; path = Info.plist; sourceTree = "<group>"; };
		1F200C2E25A4687F00BC315E /* Extensions.swift */ = {isa = PBXFileReference; lastKnownFileType = sourcecode.swift; path = Extensions.swift; sourceTree = "<group>"; };
		1F200C3625A473B400BC315E /* GoogleService-Info.plist */ = {isa = PBXFileReference; fileEncoding = 4; lastKnownFileType = text.plist.xml; path = "GoogleService-Info.plist"; sourceTree = "<group>"; };
		1F3E951025BEE5CC009A1AB3 /* FirebaseExt.swift */ = {isa = PBXFileReference; lastKnownFileType = sourcecode.swift; path = FirebaseExt.swift; sourceTree = "<group>"; };
		1F5A2E7D25A49F9500626E05 /* GoogleService-Info.plist */ = {isa = PBXFileReference; fileEncoding = 4; lastKnownFileType = text.plist.xml; path = "GoogleService-Info.plist"; sourceTree = "<group>"; };
		1F6337E425B173F200C49215 /* MainTabBarController.swift */ = {isa = PBXFileReference; lastKnownFileType = sourcecode.swift; path = MainTabBarController.swift; sourceTree = "<group>"; };
		1F6337EA25B1747800C49215 /* UserProfileController.swift */ = {isa = PBXFileReference; lastKnownFileType = sourcecode.swift; path = UserProfileController.swift; sourceTree = "<group>"; };
		1F6337FA25B18E2400C49215 /* UserProfileHeaderCell.swift */ = {isa = PBXFileReference; lastKnownFileType = sourcecode.swift; path = UserProfileHeaderCell.swift; sourceTree = "<group>"; };
		1F6337FF25B1903700C49215 /* User.swift */ = {isa = PBXFileReference; lastKnownFileType = sourcecode.swift; path = User.swift; sourceTree = "<group>"; };
		1F63382225B2FD7B00C49215 /* LoginViewController.swift */ = {isa = PBXFileReference; lastKnownFileType = sourcecode.swift; path = LoginViewController.swift; sourceTree = "<group>"; };
		1F9E96F625BC682C00BB7AB2 /* LoadImage.swift */ = {isa = PBXFileReference; lastKnownFileType = sourcecode.swift; path = LoadImage.swift; sourceTree = "<group>"; };
		1FC962C325B33511000ACF6E /* KeyBoard Extension.swift */ = {isa = PBXFileReference; lastKnownFileType = sourcecode.swift; path = "KeyBoard Extension.swift"; sourceTree = "<group>"; };
		1FDC8C2525BAB0CF00F057C1 /* Posts.swift */ = {isa = PBXFileReference; lastKnownFileType = sourcecode.swift; path = Posts.swift; sourceTree = "<group>"; };
		1FDC8C2D25BAB2BE00F057C1 /* UserPostsCell.swift */ = {isa = PBXFileReference; lastKnownFileType = sourcecode.swift; path = UserPostsCell.swift; sourceTree = "<group>"; };
		1FE6D55025B805C40031185C /* Assets.xcassets */ = {isa = PBXFileReference; lastKnownFileType = folder.assetcatalog; name = Assets.xcassets; path = ../../../../../Downloads/InstagramFirebase49_multiline_textview/InstagramFirebase/ios/InstagramFirebase/Assets.xcassets; sourceTree = "<group>"; };
		1FE6D56525B8207E0031185C /* PhotoController.swift */ = {isa = PBXFileReference; lastKnownFileType = sourcecode.swift; path = PhotoController.swift; sourceTree = "<group>"; };
		1FE6D63925B8C8E10031185C /* PhotoCell.swift */ = {isa = PBXFileReference; lastKnownFileType = sourcecode.swift; path = PhotoCell.swift; sourceTree = "<group>"; };
		1FE6D64925B950600031185C /* PhotoHeaderCell.swift */ = {isa = PBXFileReference; lastKnownFileType = sourcecode.swift; path = PhotoHeaderCell.swift; sourceTree = "<group>"; };
		1FE6D64E25B965310031185C /* SharePhotoViewController.swift */ = {isa = PBXFileReference; lastKnownFileType = sourcecode.swift; path = SharePhotoViewController.swift; sourceTree = "<group>"; };
		2A26AEDEB78AC2C0FE706030 /* Pods-InstaClone.debug.xcconfig */ = {isa = PBXFileReference; includeInIndex = 1; lastKnownFileType = text.xcconfig; name = "Pods-InstaClone.debug.xcconfig"; path = "Target Support Files/Pods-InstaClone/Pods-InstaClone.debug.xcconfig"; sourceTree = "<group>"; };
		93A870BDDF58A2A4E5EA1475 /* Pods_InstaClone.framework */ = {isa = PBXFileReference; explicitFileType = wrapper.framework; includeInIndex = 0; path = Pods_InstaClone.framework; sourceTree = BUILT_PRODUCTS_DIR; };
/* End PBXFileReference section */

/* Begin PBXFrameworksBuildPhase section */
		1F200BEC25A458A800BC315E /* Frameworks */ = {
			isa = PBXFrameworksBuildPhase;
			buildActionMask = 2147483647;
			files = (
				B1E74AC3567A734F4C958AA2 /* Pods_InstaClone.framework in Frameworks */,
			);
			runOnlyForDeploymentPostprocessing = 0;
		};
		1F200C0225A458B000BC315E /* Frameworks */ = {
			isa = PBXFrameworksBuildPhase;
			buildActionMask = 2147483647;
			files = (
			);
			runOnlyForDeploymentPostprocessing = 0;
		};
		1F200C0D25A458B000BC315E /* Frameworks */ = {
			isa = PBXFrameworksBuildPhase;
			buildActionMask = 2147483647;
			files = (
			);
			runOnlyForDeploymentPostprocessing = 0;
		};
/* End PBXFrameworksBuildPhase section */

/* Begin PBXGroup section */
		1F16631C25BCA27800F3FB50 /* HomeView */ = {
			isa = PBXGroup;
			children = (
				1F16631D25BCA2A100F3FB50 /* HomeController.swift */,
				1F16632225BCA3C200F3FB50 /* HomeCustomCell.swift */,
			);
			path = HomeView;
			sourceTree = "<group>";
		};
		1F200BE625A458A800BC315E = {
			isa = PBXGroup;
			children = (
				1F200BF125A458A900BC315E /* InstaClone */,
				1F200C0825A458B000BC315E /* InstaCloneTests */,
				1F200C1325A458B000BC315E /* InstaCloneUITests */,
				1F200BF025A458A900BC315E /* Products */,
				AC3D70CFBEDDFA2DCDBE1114 /* Pods */,
				CA9CE61DAF366B90D4CE5D45 /* Frameworks */,
			);
			sourceTree = "<group>";
		};
		1F200BF025A458A900BC315E /* Products */ = {
			isa = PBXGroup;
			children = (
				1F200BEF25A458A900BC315E /* InstaClone.app */,
				1F200C0525A458B000BC315E /* InstaCloneTests.xctest */,
				1F200C1025A458B000BC315E /* InstaCloneUITests.xctest */,
			);
			name = Products;
			sourceTree = "<group>";
		};
		1F200BF125A458A900BC315E /* InstaClone */ = {
			isa = PBXGroup;
			children = (
				1F16631C25BCA27800F3FB50 /* HomeView */,
				1FDC8C2425BAB0BE00F057C1 /* Models */,
				1FE6D55C25B81F6A0031185C /* Photo */,
				1F63382A25B2FE5700C49215 /* Register */,
				1F63382125B2FD2300C49215 /* Login */,
				1F6337E925B1745900C49215 /* UserProfile */,
				1F200C2D25A4686200BC315E /* Helper */,
				1F200BF225A458A900BC315E /* AppDelegate.swift */,
				1F200BF425A458A900BC315E /* SceneDelegate.swift */,
				1F6337E425B173F200C49215 /* MainTabBarController.swift */,
				1F200BF825A458A900BC315E /* Main.storyboard */,
				1F200BFD25A458B000BC315E /* LaunchScreen.storyboard */,
				1F200C0025A458B000BC315E /* Info.plist */,
				1F5A2E7D25A49F9500626E05 /* GoogleService-Info.plist */,
				1FE6D55025B805C40031185C /* Assets.xcassets */,
			);
			path = InstaClone;
			sourceTree = "<group>";
		};
		1F200C0825A458B000BC315E /* InstaCloneTests */ = {
			isa = PBXGroup;
			children = (
				1F200C0925A458B000BC315E /* InstaCloneTests.swift */,
				1F200C0B25A458B000BC315E /* Info.plist */,
			);
			path = InstaCloneTests;
			sourceTree = "<group>";
		};
		1F200C1325A458B000BC315E /* InstaCloneUITests */ = {
			isa = PBXGroup;
			children = (
				1F200C1425A458B000BC315E /* InstaCloneUITests.swift */,
				1F200C1625A458B000BC315E /* Info.plist */,
				1F200C3625A473B400BC315E /* GoogleService-Info.plist */,
			);
			path = InstaCloneUITests;
			sourceTree = "<group>";
		};
		1F200C2D25A4686200BC315E /* Helper */ = {
			isa = PBXGroup;
			children = (
				1F200C2E25A4687F00BC315E /* Extensions.swift */,
				1FC962C325B33511000ACF6E /* KeyBoard Extension.swift */,
				1F9E96F625BC682C00BB7AB2 /* LoadImage.swift */,
				1F3E951025BEE5CC009A1AB3 /* FirebaseExt.swift */,
			);
			path = Helper;
			sourceTree = "<group>";
		};
		1F6337E925B1745900C49215 /* UserProfile */ = {
			isa = PBXGroup;
			children = (
				1F6337EA25B1747800C49215 /* UserProfileController.swift */,
				1F6337FA25B18E2400C49215 /* UserProfileHeaderCell.swift */,
				1FDC8C2D25BAB2BE00F057C1 /* UserPostsCell.swift */,
			);
			path = UserProfile;
			sourceTree = "<group>";
		};
		1F63382125B2FD2300C49215 /* Login */ = {
			isa = PBXGroup;
			children = (
				1F63382225B2FD7B00C49215 /* LoginViewController.swift */,
			);
			path = Login;
			sourceTree = "<group>";
		};
		1F63382A25B2FE5700C49215 /* Register */ = {
			isa = PBXGroup;
			children = (
				1F200BF625A458A900BC315E /* RegisterViewController.swift */,
			);
			path = Register;
			sourceTree = "<group>";
		};
		1FDC8C2425BAB0BE00F057C1 /* Models */ = {
			isa = PBXGroup;
			children = (
				1F6337FF25B1903700C49215 /* User.swift */,
				1FDC8C2525BAB0CF00F057C1 /* Posts.swift */,
			);
			path = Models;
			sourceTree = "<group>";
		};
		1FE6D55C25B81F6A0031185C /* Photo */ = {
			isa = PBXGroup;
			children = (
				1FE6D56525B8207E0031185C /* PhotoController.swift */,
				1FE6D63925B8C8E10031185C /* PhotoCell.swift */,
				1FE6D64925B950600031185C /* PhotoHeaderCell.swift */,
				1FE6D64E25B965310031185C /* SharePhotoViewController.swift */,
			);
			path = Photo;
			sourceTree = "<group>";
		};
		AC3D70CFBEDDFA2DCDBE1114 /* Pods */ = {
			isa = PBXGroup;
			children = (
				2A26AEDEB78AC2C0FE706030 /* Pods-InstaClone.debug.xcconfig */,
				1855B3D27DF64292D35D00E1 /* Pods-InstaClone.release.xcconfig */,
			);
			path = Pods;
			sourceTree = "<group>";
		};
		CA9CE61DAF366B90D4CE5D45 /* Frameworks */ = {
			isa = PBXGroup;
			children = (
				93A870BDDF58A2A4E5EA1475 /* Pods_InstaClone.framework */,
			);
			name = Frameworks;
			sourceTree = "<group>";
		};
/* End PBXGroup section */

/* Begin PBXNativeTarget section */
		1F200BEE25A458A800BC315E /* InstaClone */ = {
			isa = PBXNativeTarget;
			buildConfigurationList = 1F200C1925A458B000BC315E /* Build configuration list for PBXNativeTarget "InstaClone" */;
			buildPhases = (
				402687FB8F0EF81D18456DA3 /* [CP] Check Pods Manifest.lock */,
				1F200BEB25A458A800BC315E /* Sources */,
				1F200BEC25A458A800BC315E /* Frameworks */,
				1F200BED25A458A800BC315E /* Resources */,
				95A8643E0A06F114DE65DE14 /* [CP] Embed Pods Frameworks */,
			);
			buildRules = (
			);
			dependencies = (
			);
			name = InstaClone;
			productName = InstaClone;
			productReference = 1F200BEF25A458A900BC315E /* InstaClone.app */;
			productType = "com.apple.product-type.application";
		};
		1F200C0425A458B000BC315E /* InstaCloneTests */ = {
			isa = PBXNativeTarget;
			buildConfigurationList = 1F200C1C25A458B000BC315E /* Build configuration list for PBXNativeTarget "InstaCloneTests" */;
			buildPhases = (
				1F200C0125A458B000BC315E /* Sources */,
				1F200C0225A458B000BC315E /* Frameworks */,
				1F200C0325A458B000BC315E /* Resources */,
			);
			buildRules = (
			);
			dependencies = (
				1F200C0725A458B000BC315E /* PBXTargetDependency */,
			);
			name = InstaCloneTests;
			productName = InstaCloneTests;
			productReference = 1F200C0525A458B000BC315E /* InstaCloneTests.xctest */;
			productType = "com.apple.product-type.bundle.unit-test";
		};
		1F200C0F25A458B000BC315E /* InstaCloneUITests */ = {
			isa = PBXNativeTarget;
			buildConfigurationList = 1F200C1F25A458B000BC315E /* Build configuration list for PBXNativeTarget "InstaCloneUITests" */;
			buildPhases = (
				1F200C0C25A458B000BC315E /* Sources */,
				1F200C0D25A458B000BC315E /* Frameworks */,
				1F200C0E25A458B000BC315E /* Resources */,
			);
			buildRules = (
			);
			dependencies = (
				1F200C1225A458B000BC315E /* PBXTargetDependency */,
			);
			name = InstaCloneUITests;
			productName = InstaCloneUITests;
			productReference = 1F200C1025A458B000BC315E /* InstaCloneUITests.xctest */;
			productType = "com.apple.product-type.bundle.ui-testing";
		};
/* End PBXNativeTarget section */

/* Begin PBXProject section */
		1F200BE725A458A800BC315E /* Project object */ = {
			isa = PBXProject;
			attributes = {
				LastSwiftUpdateCheck = 1200;
				LastUpgradeCheck = 1200;
				TargetAttributes = {
					1F200BEE25A458A800BC315E = {
						CreatedOnToolsVersion = 12.0;
					};
					1F200C0425A458B000BC315E = {
						CreatedOnToolsVersion = 12.0;
						TestTargetID = 1F200BEE25A458A800BC315E;
					};
					1F200C0F25A458B000BC315E = {
						CreatedOnToolsVersion = 12.0;
						TestTargetID = 1F200BEE25A458A800BC315E;
					};
				};
			};
			buildConfigurationList = 1F200BEA25A458A800BC315E /* Build configuration list for PBXProject "InstaClone" */;
			compatibilityVersion = "Xcode 9.3";
			developmentRegion = en;
			hasScannedForEncodings = 0;
			knownRegions = (
				en,
				Base,
			);
			mainGroup = 1F200BE625A458A800BC315E;
			productRefGroup = 1F200BF025A458A900BC315E /* Products */;
			projectDirPath = "";
			projectRoot = "";
			targets = (
				1F200BEE25A458A800BC315E /* InstaClone */,
				1F200C0425A458B000BC315E /* InstaCloneTests */,
				1F200C0F25A458B000BC315E /* InstaCloneUITests */,
			);
		};
/* End PBXProject section */

/* Begin PBXResourcesBuildPhase section */
		1F200BED25A458A800BC315E /* Resources */ = {
			isa = PBXResourcesBuildPhase;
			buildActionMask = 2147483647;
			files = (
				1F200BFF25A458B000BC315E /* LaunchScreen.storyboard in Resources */,
				1F5A2E7E25A49F9500626E05 /* GoogleService-Info.plist in Resources */,
				1F200BFA25A458A900BC315E /* Main.storyboard in Resources */,
				1FE6D55125B805C40031185C /* Assets.xcassets in Resources */,
			);
			runOnlyForDeploymentPostprocessing = 0;
		};
		1F200C0325A458B000BC315E /* Resources */ = {
			isa = PBXResourcesBuildPhase;
			buildActionMask = 2147483647;
			files = (
				1F5A2E7F25A49F9500626E05 /* GoogleService-Info.plist in Resources */,
			);
			runOnlyForDeploymentPostprocessing = 0;
		};
		1F200C0E25A458B000BC315E /* Resources */ = {
			isa = PBXResourcesBuildPhase;
			buildActionMask = 2147483647;
			files = (
				1F200C3725A473B400BC315E /* GoogleService-Info.plist in Resources */,
				1F5A2E8025A49F9500626E05 /* GoogleService-Info.plist in Resources */,
			);
			runOnlyForDeploymentPostprocessing = 0;
		};
/* End PBXResourcesBuildPhase section */

/* Begin PBXShellScriptBuildPhase section */
		402687FB8F0EF81D18456DA3 /* [CP] Check Pods Manifest.lock */ = {
			isa = PBXShellScriptBuildPhase;
			buildActionMask = 2147483647;
			files = (
			);
			inputFileListPaths = (
			);
			inputPaths = (
				"${PODS_PODFILE_DIR_PATH}/Podfile.lock",
				"${PODS_ROOT}/Manifest.lock",
			);
			name = "[CP] Check Pods Manifest.lock";
			outputFileListPaths = (
			);
			outputPaths = (
				"$(DERIVED_FILE_DIR)/Pods-InstaClone-checkManifestLockResult.txt",
			);
			runOnlyForDeploymentPostprocessing = 0;
			shellPath = /bin/sh;
			shellScript = "diff \"${PODS_PODFILE_DIR_PATH}/Podfile.lock\" \"${PODS_ROOT}/Manifest.lock\" > /dev/null\nif [ $? != 0 ] ; then\n    # print error to STDERR\n    echo \"error: The sandbox is not in sync with the Podfile.lock. Run 'pod install' or update your CocoaPods installation.\" >&2\n    exit 1\nfi\n# This output is used by Xcode 'outputs' to avoid re-running this script phase.\necho \"SUCCESS\" > \"${SCRIPT_OUTPUT_FILE_0}\"\n";
			showEnvVarsInLog = 0;
		};
		95A8643E0A06F114DE65DE14 /* [CP] Embed Pods Frameworks */ = {
			isa = PBXShellScriptBuildPhase;
			buildActionMask = 2147483647;
			files = (
			);
			inputFileListPaths = (
				"${PODS_ROOT}/Target Support Files/Pods-InstaClone/Pods-InstaClone-frameworks-${CONFIGURATION}-input-files.xcfilelist",
			);
			name = "[CP] Embed Pods Frameworks";
			outputFileListPaths = (
				"${PODS_ROOT}/Target Support Files/Pods-InstaClone/Pods-InstaClone-frameworks-${CONFIGURATION}-output-files.xcfilelist",
			);
			runOnlyForDeploymentPostprocessing = 0;
			shellPath = /bin/sh;
			shellScript = "\"${PODS_ROOT}/Target Support Files/Pods-InstaClone/Pods-InstaClone-frameworks.sh\"\n";
			showEnvVarsInLog = 0;
		};
/* End PBXShellScriptBuildPhase section */

/* Begin PBXSourcesBuildPhase section */
		1F200BEB25A458A800BC315E /* Sources */ = {
			isa = PBXSourcesBuildPhase;
			buildActionMask = 2147483647;
			files = (
				1F63382325B2FD7B00C49215 /* LoginViewController.swift in Sources */,
				1F200BF725A458A900BC315E /* RegisterViewController.swift in Sources */,
				1F6337FB25B18E2500C49215 /* UserProfileHeaderCell.swift in Sources */,
				1FDC8C2625BAB0CF00F057C1 /* Posts.swift in Sources */,
				1F200BF325A458A900BC315E /* AppDelegate.swift in Sources */,
				1F6337EB25B1747800C49215 /* UserProfileController.swift in Sources */,
				1FDC8C2E25BAB2BE00F057C1 /* UserPostsCell.swift in Sources */,
				1FE6D64A25B950600031185C /* PhotoHeaderCell.swift in Sources */,
				1F3E951125BEE5CD009A1AB3 /* FirebaseExt.swift in Sources */,
				1FE6D63A25B8C8E40031185C /* PhotoCell.swift in Sources */,
				1FE6D56625B8207E0031185C /* PhotoController.swift in Sources */,
				1FC962C425B33511000ACF6E /* KeyBoard Extension.swift in Sources */,
				1F9E96F725BC682C00BB7AB2 /* LoadImage.swift in Sources */,
				1FE6D64F25B965320031185C /* SharePhotoViewController.swift in Sources */,
				1F63380025B1903800C49215 /* User.swift in Sources */,
				1F16631E25BCA2A100F3FB50 /* HomeController.swift in Sources */,
				1F6337E525B173F200C49215 /* MainTabBarController.swift in Sources */,
				1F16632325BCA3C200F3FB50 /* HomeCustomCell.swift in Sources */,
				1F200BF525A458A900BC315E /* SceneDelegate.swift in Sources */,
				1F200C2F25A4687F00BC315E /* Extensions.swift in Sources */,
			);
			runOnlyForDeploymentPostprocessing = 0;
		};
		1F200C0125A458B000BC315E /* Sources */ = {
			isa = PBXSourcesBuildPhase;
			buildActionMask = 2147483647;
			files = (
				1F200C0A25A458B000BC315E /* InstaCloneTests.swift in Sources */,
			);
			runOnlyForDeploymentPostprocessing = 0;
		};
		1F200C0C25A458B000BC315E /* Sources */ = {
			isa = PBXSourcesBuildPhase;
			buildActionMask = 2147483647;
			files = (
				1F200C1525A458B000BC315E /* InstaCloneUITests.swift in Sources */,
			);
			runOnlyForDeploymentPostprocessing = 0;
		};
/* End PBXSourcesBuildPhase section */

/* Begin PBXTargetDependency section */
		1F200C0725A458B000BC315E /* PBXTargetDependency */ = {
			isa = PBXTargetDependency;
			target = 1F200BEE25A458A800BC315E /* InstaClone */;
			targetProxy = 1F200C0625A458B000BC315E /* PBXContainerItemProxy */;
		};
		1F200C1225A458B000BC315E /* PBXTargetDependency */ = {
			isa = PBXTargetDependency;
			target = 1F200BEE25A458A800BC315E /* InstaClone */;
			targetProxy = 1F200C1125A458B000BC315E /* PBXContainerItemProxy */;
		};
/* End PBXTargetDependency section */

/* Begin PBXVariantGroup section */
		1F200BF825A458A900BC315E /* Main.storyboard */ = {
			isa = PBXVariantGroup;
			children = (
				1F200BF925A458A900BC315E /* Base */,
			);
			name = Main.storyboard;
			sourceTree = "<group>";
		};
		1F200BFD25A458B000BC315E /* LaunchScreen.storyboard */ = {
			isa = PBXVariantGroup;
			children = (
				1F200BFE25A458B000BC315E /* Base */,
			);
			name = LaunchScreen.storyboard;
			sourceTree = "<group>";
		};
/* End PBXVariantGroup section */

/* Begin XCBuildConfiguration section */
		1F200C1725A458B000BC315E /* Debug */ = {
			isa = XCBuildConfiguration;
			buildSettings = {
				ALWAYS_SEARCH_USER_PATHS = NO;
				CLANG_ANALYZER_NONNULL = YES;
				CLANG_ANALYZER_NUMBER_OBJECT_CONVERSION = YES_AGGRESSIVE;
				CLANG_CXX_LANGUAGE_STANDARD = "gnu++14";
				CLANG_CXX_LIBRARY = "libc++";
				CLANG_ENABLE_MODULES = YES;
				CLANG_ENABLE_OBJC_ARC = YES;
				CLANG_ENABLE_OBJC_WEAK = YES;
				CLANG_WARN_BLOCK_CAPTURE_AUTORELEASING = YES;
				CLANG_WARN_BOOL_CONVERSION = YES;
				CLANG_WARN_COMMA = YES;
				CLANG_WARN_CONSTANT_CONVERSION = YES;
				CLANG_WARN_DEPRECATED_OBJC_IMPLEMENTATIONS = YES;
				CLANG_WARN_DIRECT_OBJC_ISA_USAGE = YES_ERROR;
				CLANG_WARN_DOCUMENTATION_COMMENTS = YES;
				CLANG_WARN_EMPTY_BODY = YES;
				CLANG_WARN_ENUM_CONVERSION = YES;
				CLANG_WARN_INFINITE_RECURSION = YES;
				CLANG_WARN_INT_CONVERSION = YES;
				CLANG_WARN_NON_LITERAL_NULL_CONVERSION = YES;
				CLANG_WARN_OBJC_IMPLICIT_RETAIN_SELF = YES;
				CLANG_WARN_OBJC_LITERAL_CONVERSION = YES;
				CLANG_WARN_OBJC_ROOT_CLASS = YES_ERROR;
				CLANG_WARN_QUOTED_INCLUDE_IN_FRAMEWORK_HEADER = YES;
				CLANG_WARN_RANGE_LOOP_ANALYSIS = YES;
				CLANG_WARN_STRICT_PROTOTYPES = YES;
				CLANG_WARN_SUSPICIOUS_MOVE = YES;
				CLANG_WARN_UNGUARDED_AVAILABILITY = YES_AGGRESSIVE;
				CLANG_WARN_UNREACHABLE_CODE = YES;
				CLANG_WARN__DUPLICATE_METHOD_MATCH = YES;
				COPY_PHASE_STRIP = NO;
				DEBUG_INFORMATION_FORMAT = dwarf;
				ENABLE_STRICT_OBJC_MSGSEND = YES;
				ENABLE_TESTABILITY = YES;
				GCC_C_LANGUAGE_STANDARD = gnu11;
				GCC_DYNAMIC_NO_PIC = NO;
				GCC_NO_COMMON_BLOCKS = YES;
				GCC_OPTIMIZATION_LEVEL = 0;
				GCC_PREPROCESSOR_DEFINITIONS = (
					"DEBUG=1",
					"$(inherited)",
				);
				GCC_WARN_64_TO_32_BIT_CONVERSION = YES;
				GCC_WARN_ABOUT_RETURN_TYPE = YES_ERROR;
				GCC_WARN_UNDECLARED_SELECTOR = YES;
				GCC_WARN_UNINITIALIZED_AUTOS = YES_AGGRESSIVE;
				GCC_WARN_UNUSED_FUNCTION = YES;
				GCC_WARN_UNUSED_VARIABLE = YES;
				IPHONEOS_DEPLOYMENT_TARGET = 14.0;
				MTL_ENABLE_DEBUG_INFO = INCLUDE_SOURCE;
				MTL_FAST_MATH = YES;
				ONLY_ACTIVE_ARCH = YES;
				SDKROOT = iphoneos;
				SWIFT_ACTIVE_COMPILATION_CONDITIONS = DEBUG;
				SWIFT_OPTIMIZATION_LEVEL = "-Onone";
			};
			name = Debug;
		};
		1F200C1825A458B000BC315E /* Release */ = {
			isa = XCBuildConfiguration;
			buildSettings = {
				ALWAYS_SEARCH_USER_PATHS = NO;
				CLANG_ANALYZER_NONNULL = YES;
				CLANG_ANALYZER_NUMBER_OBJECT_CONVERSION = YES_AGGRESSIVE;
				CLANG_CXX_LANGUAGE_STANDARD = "gnu++14";
				CLANG_CXX_LIBRARY = "libc++";
				CLANG_ENABLE_MODULES = YES;
				CLANG_ENABLE_OBJC_ARC = YES;
				CLANG_ENABLE_OBJC_WEAK = YES;
				CLANG_WARN_BLOCK_CAPTURE_AUTORELEASING = YES;
				CLANG_WARN_BOOL_CONVERSION = YES;
				CLANG_WARN_COMMA = YES;
				CLANG_WARN_CONSTANT_CONVERSION = YES;
				CLANG_WARN_DEPRECATED_OBJC_IMPLEMENTATIONS = YES;
				CLANG_WARN_DIRECT_OBJC_ISA_USAGE = YES_ERROR;
				CLANG_WARN_DOCUMENTATION_COMMENTS = YES;
				CLANG_WARN_EMPTY_BODY = YES;
				CLANG_WARN_ENUM_CONVERSION = YES;
				CLANG_WARN_INFINITE_RECURSION = YES;
				CLANG_WARN_INT_CONVERSION = YES;
				CLANG_WARN_NON_LITERAL_NULL_CONVERSION = YES;
				CLANG_WARN_OBJC_IMPLICIT_RETAIN_SELF = YES;
				CLANG_WARN_OBJC_LITERAL_CONVERSION = YES;
				CLANG_WARN_OBJC_ROOT_CLASS = YES_ERROR;
				CLANG_WARN_QUOTED_INCLUDE_IN_FRAMEWORK_HEADER = YES;
				CLANG_WARN_RANGE_LOOP_ANALYSIS = YES;
				CLANG_WARN_STRICT_PROTOTYPES = YES;
				CLANG_WARN_SUSPICIOUS_MOVE = YES;
				CLANG_WARN_UNGUARDED_AVAILABILITY = YES_AGGRESSIVE;
				CLANG_WARN_UNREACHABLE_CODE = YES;
				CLANG_WARN__DUPLICATE_METHOD_MATCH = YES;
				COPY_PHASE_STRIP = NO;
				DEBUG_INFORMATION_FORMAT = "dwarf-with-dsym";
				ENABLE_NS_ASSERTIONS = NO;
				ENABLE_STRICT_OBJC_MSGSEND = YES;
				GCC_C_LANGUAGE_STANDARD = gnu11;
				GCC_NO_COMMON_BLOCKS = YES;
				GCC_WARN_64_TO_32_BIT_CONVERSION = YES;
				GCC_WARN_ABOUT_RETURN_TYPE = YES_ERROR;
				GCC_WARN_UNDECLARED_SELECTOR = YES;
				GCC_WARN_UNINITIALIZED_AUTOS = YES_AGGRESSIVE;
				GCC_WARN_UNUSED_FUNCTION = YES;
				GCC_WARN_UNUSED_VARIABLE = YES;
				IPHONEOS_DEPLOYMENT_TARGET = 14.0;
				MTL_ENABLE_DEBUG_INFO = NO;
				MTL_FAST_MATH = YES;
				SDKROOT = iphoneos;
				SWIFT_COMPILATION_MODE = wholemodule;
				SWIFT_OPTIMIZATION_LEVEL = "-O";
				VALIDATE_PRODUCT = YES;
			};
			name = Release;
		};
		1F200C1A25A458B000BC315E /* Debug */ = {
			isa = XCBuildConfiguration;
			baseConfigurationReference = 2A26AEDEB78AC2C0FE706030 /* Pods-InstaClone.debug.xcconfig */;
			buildSettings = {
				ASSETCATALOG_COMPILER_APPICON_NAME = AppIcon;
				ASSETCATALOG_COMPILER_GLOBAL_ACCENT_COLOR_NAME = AccentColor;
				CODE_SIGN_IDENTITY = "Apple Development";
				CODE_SIGN_STYLE = Automatic;
				DEVELOPMENT_TEAM = 989D68794S;
				INFOPLIST_FILE = InstaClone/Info.plist;
				LD_RUNPATH_SEARCH_PATHS = (
					"$(inherited)",
					"@executable_path/Frameworks",
				);
				PRODUCT_BUNDLE_IDENTIFIER = "Kingsley-Charles.InstaClone";
				PRODUCT_NAME = "$(TARGET_NAME)";
				PROVISIONING_PROFILE_SPECIFIER = "";
				SWIFT_VERSION = 5.0;
				TARGETED_DEVICE_FAMILY = "1,2";
			};
			name = Debug;
		};
		1F200C1B25A458B000BC315E /* Release */ = {
			isa = XCBuildConfiguration;
			baseConfigurationReference = 1855B3D27DF64292D35D00E1 /* Pods-InstaClone.release.xcconfig */;
			buildSettings = {
				ASSETCATALOG_COMPILER_APPICON_NAME = AppIcon;
				ASSETCATALOG_COMPILER_GLOBAL_ACCENT_COLOR_NAME = AccentColor;
				CODE_SIGN_IDENTITY = "Apple Development";
				CODE_SIGN_STYLE = Automatic;
				DEVELOPMENT_TEAM = 989D68794S;
				INFOPLIST_FILE = InstaClone/Info.plist;
				LD_RUNPATH_SEARCH_PATHS = (
					"$(inherited)",
					"@executable_path/Frameworks",
				);
				PRODUCT_BUNDLE_IDENTIFIER = "Kingsley-Charles.InstaClone";
				PRODUCT_NAME = "$(TARGET_NAME)";
				PROVISIONING_PROFILE_SPECIFIER = "";
				SWIFT_VERSION = 5.0;
				TARGETED_DEVICE_FAMILY = "1,2";
			};
			name = Release;
		};
		1F200C1D25A458B000BC315E /* Debug */ = {
			isa = XCBuildConfiguration;
			buildSettings = {
				ALWAYS_EMBED_SWIFT_STANDARD_LIBRARIES = YES;
				BUNDLE_LOADER = "$(TEST_HOST)";
				CODE_SIGN_STYLE = Automatic;
				DEVELOPMENT_TEAM = 989D68794S;
				INFOPLIST_FILE = InstaCloneTests/Info.plist;
				IPHONEOS_DEPLOYMENT_TARGET = 14.0;
				LD_RUNPATH_SEARCH_PATHS = (
					"$(inherited)",
					"@executable_path/Frameworks",
					"@loader_path/Frameworks",
				);
				PRODUCT_BUNDLE_IDENTIFIER = "Kingsley-Charles.InstaCloneTests";
				PRODUCT_NAME = "$(TARGET_NAME)";
				SWIFT_VERSION = 5.0;
				TARGETED_DEVICE_FAMILY = "1,2";
				TEST_HOST = "$(BUILT_PRODUCTS_DIR)/InstaClone.app/InstaClone";
			};
			name = Debug;
		};
		1F200C1E25A458B000BC315E /* Release */ = {
			isa = XCBuildConfiguration;
			buildSettings = {
				ALWAYS_EMBED_SWIFT_STANDARD_LIBRARIES = YES;
				BUNDLE_LOADER = "$(TEST_HOST)";
				CODE_SIGN_STYLE = Automatic;
				DEVELOPMENT_TEAM = 989D68794S;
				INFOPLIST_FILE = InstaCloneTests/Info.plist;
				IPHONEOS_DEPLOYMENT_TARGET = 14.0;
				LD_RUNPATH_SEARCH_PATHS = (
					"$(inherited)",
					"@executable_path/Frameworks",
					"@loader_path/Frameworks",
				);
				PRODUCT_BUNDLE_IDENTIFIER = "Kingsley-Charles.InstaCloneTests";
				PRODUCT_NAME = "$(TARGET_NAME)";
				SWIFT_VERSION = 5.0;
				TARGETED_DEVICE_FAMILY = "1,2";
				TEST_HOST = "$(BUILT_PRODUCTS_DIR)/InstaClone.app/InstaClone";
			};
			name = Release;
		};
		1F200C2025A458B000BC315E /* Debug */ = {
			isa = XCBuildConfiguration;
			buildSettings = {
				ALWAYS_EMBED_SWIFT_STANDARD_LIBRARIES = YES;
				CODE_SIGN_STYLE = Automatic;
				DEVELOPMENT_TEAM = 989D68794S;
				INFOPLIST_FILE = InstaCloneUITests/Info.plist;
				LD_RUNPATH_SEARCH_PATHS = (
					"$(inherited)",
					"@executable_path/Frameworks",
					"@loader_path/Frameworks",
				);
				PRODUCT_BUNDLE_IDENTIFIER = "Kingsley-Charles.InstaCloneUITests";
				PRODUCT_NAME = "$(TARGET_NAME)";
				SWIFT_VERSION = 5.0;
				TARGETED_DEVICE_FAMILY = "1,2";
				TEST_TARGET_NAME = InstaClone;
			};
			name = Debug;
		};
		1F200C2125A458B000BC315E /* Release */ = {
			isa = XCBuildConfiguration;
			buildSettings = {
				ALWAYS_EMBED_SWIFT_STANDARD_LIBRARIES = YES;
				CODE_SIGN_STYLE = Automatic;
				DEVELOPMENT_TEAM = 989D68794S;
				INFOPLIST_FILE = InstaCloneUITests/Info.plist;
				LD_RUNPATH_SEARCH_PATHS = (
					"$(inherited)",
					"@executable_path/Frameworks",
					"@loader_path/Frameworks",
				);
				PRODUCT_BUNDLE_IDENTIFIER = "Kingsley-Charles.InstaCloneUITests";
				PRODUCT_NAME = "$(TARGET_NAME)";
				SWIFT_VERSION = 5.0;
				TARGETED_DEVICE_FAMILY = "1,2";
				TEST_TARGET_NAME = InstaClone;
			};
			name = Release;
		};
/* End XCBuildConfiguration section */

/* Begin XCConfigurationList section */
		1F200BEA25A458A800BC315E /* Build configuration list for PBXProject "InstaClone" */ = {
			isa = XCConfigurationList;
			buildConfigurations = (
				1F200C1725A458B000BC315E /* Debug */,
				1F200C1825A458B000BC315E /* Release */,
			);
			defaultConfigurationIsVisible = 0;
			defaultConfigurationName = Release;
		};
		1F200C1925A458B000BC315E /* Build configuration list for PBXNativeTarget "InstaClone" */ = {
			isa = XCConfigurationList;
			buildConfigurations = (
				1F200C1A25A458B000BC315E /* Debug */,
				1F200C1B25A458B000BC315E /* Release */,
			);
			defaultConfigurationIsVisible = 0;
			defaultConfigurationName = Release;
		};
		1F200C1C25A458B000BC315E /* Build configuration list for PBXNativeTarget "InstaCloneTests" */ = {
			isa = XCConfigurationList;
			buildConfigurations = (
				1F200C1D25A458B000BC315E /* Debug */,
				1F200C1E25A458B000BC315E /* Release */,
			);
			defaultConfigurationIsVisible = 0;
			defaultConfigurationName = Release;
		};
		1F200C1F25A458B000BC315E /* Build configuration list for PBXNativeTarget "InstaCloneUITests" */ = {
			isa = XCConfigurationList;
			buildConfigurations = (
				1F200C2025A458B000BC315E /* Debug */,
				1F200C2125A458B000BC315E /* Release */,
			);
			defaultConfigurationIsVisible = 0;
			defaultConfigurationName = Release;
		};
/* End XCConfigurationList section */
	};
	rootObject = 1F200BE725A458A800BC315E /* Project object */;
}
